
Microsoft Visual Studio Solution File, Format Version 12.00
# Visual Studio Version 17
VisualStudioVersion = 17.2.32630.192
MinimumVisualStudioVersion = 10.0.40219.1
Project("{9A19103F-16F7-4668-BE54-9A1E7A4F7556}") = "APS.Cronicos.Dominio", "APS.Cronicos.Dominio\APS.Cronicos.Dominio.csproj", "{FF71E803-DF72-4089-A780-1462CC1E0E99}"
EndProject
Project("{9A19103F-16F7-4668-BE54-9A1E7A4F7556}") = "APS.Cronicos.Infra.Data", "APS.Cronicos.Infra.Data\APS.Cronicos.Infra.Data.csproj", "{A2E79093-FFD0-43D1-A332-1B54A256C50E}"
EndProject
Project("{9A19103F-16F7-4668-BE54-9A1E7A4F7556}") = "APS.Cronicos.IoC", "APS.Cronicos.IoC\APS.Cronicos.IoC.csproj", "{227046FD-39B2-4DC0-B276-8230DB885688}"
EndProject
Project("{2150E333-8FDC-42A3-9474-1A3956D46DE8}") = "UI", "UI", "{0A152CF4-7FBB-482C-B13A-E3E089802B53}"
EndProject
Project("{9A19103F-16F7-4668-BE54-9A1E7A4F7556}") = "APS.Cronicos.Aplicacao", "APS.Cronicos.Aplicacao\APS.Cronicos.Aplicacao.csproj", "{A6C5F901-457D-4199-9527-1B50B6BE450C}"
EndProject
Project("{2150E333-8FDC-42A3-9474-1A3956D46DE8}") = "Web", "Web", "{A3FB8658-2EDD-450D-A41A-3CB034890A01}"
EndProject
Project("{9A19103F-16F7-4668-BE54-9A1E7A4F7556}") = "APS.Cronicos.UI.Web", "APS.Cronicos.UI.Web\APS.Cronicos.UI.Web.csproj", "{C8F2E533-385E-4975-B546-7F2D6D7980DC}"
EndProject
Project("{9A19103F-16F7-4668-BE54-9A1E7A4F7556}") = "APS.Cronicos.ViewModels", "APS.Cronicos.ViewModel\APS.Cronicos.ViewModels.csproj", "{B086A3BB-3D47-4E36-879D-4ABAB08C15F1}"
EndProject
Global
	GlobalSection(SolutionConfigurationPlatforms) = preSolution
		Debug|Any CPU = Debug|Any CPU
		Release|Any CPU = Release|Any CPU
	EndGlobalSection
	GlobalSection(ProjectConfigurationPlatforms) = postSolution
		{FF71E803-DF72-4089-A780-1462CC1E0E99}.Debug|Any CPU.ActiveCfg = Debug|Any CPU
		{FF71E803-DF72-4089-A780-1462CC1E0E99}.Debug|Any CPU.Build.0 = Debug|Any CPU
		{FF71E803-DF72-4089-A780-1462CC1E0E99}.Release|Any CPU.ActiveCfg = Release|Any CPU
		{FF71E803-DF72-4089-A780-1462CC1E0E99}.Release|Any CPU.Build.0 = Release|Any CPU
		{A2E79093-FFD0-43D1-A332-1B54A256C50E}.Debug|Any CPU.ActiveCfg = Debug|Any CPU
		{A2E79093-FFD0-43D1-A332-1B54A256C50E}.Debug|Any CPU.Build.0 = Debug|Any CPU
		{A2E79093-FFD0-43D1-A332-1B54A256C50E}.Release|Any CPU.ActiveCfg = Release|Any CPU
		{A2E79093-FFD0-43D1-A332-1B54A256C50E}.Release|Any CPU.Build.0 = Release|Any CPU
		{227046FD-39B2-4DC0-B276-8230DB885688}.Debug|Any CPU.ActiveCfg = Debug|Any CPU
		{227046FD-39B2-4DC0-B276-8230DB885688}.Debug|Any CPU.Build.0 = Debug|Any CPU
		{227046FD-39B2-4DC0-B276-8230DB885688}.Release|Any CPU.ActiveCfg = Release|Any CPU
		{227046FD-39B2-4DC0-B276-8230DB885688}.Release|Any CPU.Build.0 = Release|Any CPU
		{A6C5F901-457D-4199-9527-1B50B6BE450C}.Debug|Any CPU.ActiveCfg = Debug|Any CPU
		{A6C5F901-457D-4199-9527-1B50B6BE450C}.Debug|Any CPU.Build.0 = Debug|Any CPU
		{A6C5F901-457D-4199-9527-1B50B6BE450C}.Release|Any CPU.ActiveCfg = Release|Any CPU
		{A6C5F901-457D-4199-9527-1B50B6BE450C}.Release|Any CPU.Build.0 = Release|Any CPU
		{C8F2E533-385E-4975-B546-7F2D6D7980DC}.Debug|Any CPU.ActiveCfg = Debug|Any CPU
		{C8F2E533-385E-4975-B546-7F2D6D7980DC}.Debug|Any CPU.Build.0 = Debug|Any CPU
		{C8F2E533-385E-4975-B546-7F2D6D7980DC}.Release|Any CPU.ActiveCfg = Release|Any CPU
		{C8F2E533-385E-4975-B546-7F2D6D7980DC}.Release|Any CPU.Build.0 = Release|Any CPU
		{B086A3BB-3D47-4E36-879D-4ABAB08C15F1}.Debug|Any CPU.ActiveCfg = Debug|Any CPU
		{B086A3BB-3D47-4E36-879D-4ABAB08C15F1}.Debug|Any CPU.Build.0 = Debug|Any CPU
		{B086A3BB-3D47-4E36-879D-4ABAB08C15F1}.Release|Any CPU.ActiveCfg = Release|Any CPU
		{B086A3BB-3D47-4E36-879D-4ABAB08C15F1}.Release|Any CPU.Build.0 = Release|Any CPU
	EndGlobalSection
	GlobalSection(SolutionProperties) = preSolution
		HideSolutionNode = FALSE
	EndGlobalSection
	GlobalSection(NestedProjects) = preSolution
		{A3FB8658-2EDD-450D-A41A-3CB034890A01} = {0A152CF4-7FBB-482C-B13A-E3E089802B53}
		{C8F2E533-385E-4975-B546-7F2D6D7980DC} = {A3FB8658-2EDD-450D-A41A-3CB034890A01}
	EndGlobalSection
	GlobalSection(ExtensibilityGlobals) = postSolution
		SolutionGuid = {88FAF379-42FD-4717-BCBD-D4823F97A14A}
	EndGlobalSection
EndGlobal
